
Microsoft Visual Studio Solution File, Format Version 12.00
# Visual Studio Version 16
VisualStudioVersion = 16.0.30907.101
MinimumVisualStudioVersion = 10.0.40219.1
Project("{888888A0-9F3D-457C-B088-3A5042F75D52}") = "4Lab_TATA", "4Lab_TATA.pyproj", "{D5674543-1710-46C2-80A5-989F05FC090F}"
EndProject
Global
	GlobalSection(SolutionConfigurationPlatforms) = preSolution
		Debug|Any CPU = Debug|Any CPU
		Release|Any CPU = Release|Any CPU
	EndGlobalSection
	GlobalSection(ProjectConfigurationPlatforms) = postSolution
		{D5674543-1710-46C2-80A5-989F05FC090F}.Debug|Any CPU.ActiveCfg = Debug|Any CPU
		{D5674543-1710-46C2-80A5-989F05FC090F}.Release|Any CPU.ActiveCfg = Release|Any CPU
	EndGlobalSection
	GlobalSection(SolutionProperties) = preSolution
		HideSolutionNode = FALSE
	EndGlobalSection
	GlobalSection(ExtensibilityGlobals) = postSolution
		SolutionGuid = {7B7281D4-A113-4446-92F0-3A6A79B6196E}
	EndGlobalSection
EndGlobal
